
Microsoft Visual Studio Solution File, Format Version 12.00
# Visual Studio Version 17
VisualStudioVersion = 17.10.35013.160
MinimumVisualStudioVersion = 10.0.40219.1
Project("{FAE04EC0-301F-11D3-BF4B-00C04F79EFBC}") = "ConsoleApp1", "ConsoleApp1\ConsoleApp1.csproj", "{772199D2-95AF-4A80-A060-3385FB0E753E}"
EndProject
Global
	GlobalSection(SolutionConfigurationPlatforms) = preSolution
		Debug|Any CPU = Debug|Any CPU
		Release|Any CPU = Release|Any CPU
	EndGlobalSection
	GlobalSection(ProjectConfigurationPlatforms) = postSolution
		{772199D2-95AF-4A80-A060-3385FB0E753E}.Debug|Any CPU.ActiveCfg = Debug|Any CPU
		{772199D2-95AF-4A80-A060-3385FB0E753E}.Debug|Any CPU.Build.0 = Debug|Any CPU
		{772199D2-95AF-4A80-A060-3385FB0E753E}.Release|Any CPU.ActiveCfg = Release|Any CPU
		{772199D2-95AF-4A80-A060-3385FB0E753E}.Release|Any CPU.Build.0 = Release|Any CPU
	EndGlobalSection
	GlobalSection(SolutionProperties) = preSolution
		HideSolutionNode = FALSE
	EndGlobalSection
	GlobalSection(ExtensibilityGlobals) = postSolution
		SolutionGuid = {5C935259-299E-4E1F-A705-24BC59733290}
	EndGlobalSection
EndGlobal
